
Microsoft Visual Studio Solution File, Format Version 12.00
# Visual Studio Version 16
VisualStudioVersion = 16.0.31005.135
MinimumVisualStudioVersion = 10.0.40219.1
Project("{FAE04EC0-301F-11D3-BF4B-00C04F79EFBC}") = "Classificados.Dominio", "Classificados.Dominio\Classificados.Dominio.csproj", "{47F0F14A-D02D-4751-9A33-27A5DF9185FD}"
EndProject
Project("{FAE04EC0-301F-11D3-BF4B-00C04F79EFBC}") = "Classificados.Comum", "Classificados.Comum\Classificados.Comum.csproj", "{FC745717-4C67-4FF3-BFBC-3C2DDE0EBD00}"
EndProject
Project("{FAE04EC0-301F-11D3-BF4B-00C04F79EFBC}") = "Classificados.Teste", "Classificados.Teste\Classificados.Teste.csproj", "{935B3B1C-5867-4DC6-85DE-3CF332EC5969}"
EndProject
Global
	GlobalSection(SolutionConfigurationPlatforms) = preSolution
		Debug|Any CPU = Debug|Any CPU
		Release|Any CPU = Release|Any CPU
	EndGlobalSection
	GlobalSection(ProjectConfigurationPlatforms) = postSolution
		{47F0F14A-D02D-4751-9A33-27A5DF9185FD}.Debug|Any CPU.ActiveCfg = Debug|Any CPU
		{47F0F14A-D02D-4751-9A33-27A5DF9185FD}.Debug|Any CPU.Build.0 = Debug|Any CPU
		{47F0F14A-D02D-4751-9A33-27A5DF9185FD}.Release|Any CPU.ActiveCfg = Release|Any CPU
		{47F0F14A-D02D-4751-9A33-27A5DF9185FD}.Release|Any CPU.Build.0 = Release|Any CPU
		{FC745717-4C67-4FF3-BFBC-3C2DDE0EBD00}.Debug|Any CPU.ActiveCfg = Debug|Any CPU
		{FC745717-4C67-4FF3-BFBC-3C2DDE0EBD00}.Debug|Any CPU.Build.0 = Debug|Any CPU
		{FC745717-4C67-4FF3-BFBC-3C2DDE0EBD00}.Release|Any CPU.ActiveCfg = Release|Any CPU
		{FC745717-4C67-4FF3-BFBC-3C2DDE0EBD00}.Release|Any CPU.Build.0 = Release|Any CPU
		{935B3B1C-5867-4DC6-85DE-3CF332EC5969}.Debug|Any CPU.ActiveCfg = Debug|Any CPU
		{935B3B1C-5867-4DC6-85DE-3CF332EC5969}.Debug|Any CPU.Build.0 = Debug|Any CPU
		{935B3B1C-5867-4DC6-85DE-3CF332EC5969}.Release|Any CPU.ActiveCfg = Release|Any CPU
		{935B3B1C-5867-4DC6-85DE-3CF332EC5969}.Release|Any CPU.Build.0 = Release|Any CPU
	EndGlobalSection
	GlobalSection(SolutionProperties) = preSolution
		HideSolutionNode = FALSE
	EndGlobalSection
	GlobalSection(ExtensibilityGlobals) = postSolution
		SolutionGuid = {3541B14E-7451-4E94-99AE-22D89CBC42E6}
	EndGlobalSection
EndGlobal
